
Microsoft Visual Studio Solution File, Format Version 12.00
# Visual Studio Version 17
VisualStudioVersion = 17.3.32922.545
MinimumVisualStudioVersion = 10.0.40219.1
Project("{FAE04EC0-301F-11D3-BF4B-00C04F79EFBC}") = "Hw", "Hw\Hw.csproj", "{2552B600-B990-4918-A338-D33C926D8315}"
EndProject
Global
	GlobalSection(SolutionConfigurationPlatforms) = preSolution
		Debug|Any CPU = Debug|Any CPU
		Release|Any CPU = Release|Any CPU
	EndGlobalSection
	GlobalSection(ProjectConfigurationPlatforms) = postSolution
		{2552B600-B990-4918-A338-D33C926D8315}.Debug|Any CPU.ActiveCfg = Debug|Any CPU
		{2552B600-B990-4918-A338-D33C926D8315}.Debug|Any CPU.Build.0 = Debug|Any CPU
		{2552B600-B990-4918-A338-D33C926D8315}.Release|Any CPU.ActiveCfg = Release|Any CPU
		{2552B600-B990-4918-A338-D33C926D8315}.Release|Any CPU.Build.0 = Release|Any CPU
	EndGlobalSection
	GlobalSection(SolutionProperties) = preSolution
		HideSolutionNode = FALSE
	EndGlobalSection
	GlobalSection(ExtensibilityGlobals) = postSolution
		SolutionGuid = {0B94D065-BF65-44B8-A243-A49B1ACF7502}
	EndGlobalSection
EndGlobal
